
Microsoft Visual Studio Solution File, Format Version 12.00
# Visual Studio Version 17
VisualStudioVersion = 17.5.33414.496
MinimumVisualStudioVersion = 10.0.40219.1
Project("{FAE04EC0-301F-11D3-BF4B-00C04F79EFBC}") = "BIM_API_Automated_Carbon_Emission_Estimation_System", "BIM_API_Automated_Carbon_Emission_Estimation_System.csproj", "{D58047E3-0595-4E05-B198-63A01A565EC3}"
EndProject
Global
	GlobalSection(SolutionConfigurationPlatforms) = preSolution
		Debug|Any CPU = Debug|Any CPU
		Release|Any CPU = Release|Any CPU
	EndGlobalSection
	GlobalSection(ProjectConfigurationPlatforms) = postSolution
		{D58047E3-0595-4E05-B198-63A01A565EC3}.Debug|Any CPU.ActiveCfg = Debug|Any CPU
		{D58047E3-0595-4E05-B198-63A01A565EC3}.Debug|Any CPU.Build.0 = Debug|Any CPU
		{D58047E3-0595-4E05-B198-63A01A565EC3}.Release|Any CPU.ActiveCfg = Release|Any CPU
		{D58047E3-0595-4E05-B198-63A01A565EC3}.Release|Any CPU.Build.0 = Release|Any CPU
	EndGlobalSection
	GlobalSection(SolutionProperties) = preSolution
		HideSolutionNode = FALSE
	EndGlobalSection
	GlobalSection(ExtensibilityGlobals) = postSolution
		SolutionGuid = {070FBEAD-ECAC-4AAF-BC09-46674EC6DC63}
	EndGlobalSection
EndGlobal
